
Microsoft Visual Studio Solution File, Format Version 12.00
# Visual Studio Version 17
VisualStudioVersion = 17.2.32630.192
MinimumVisualStudioVersion = 10.0.40219.1
Project("{FAE04EC0-301F-11D3-BF4B-00C04F79EFBC}") = "Tic Tac Toe", "Tic Tac Toe\Tic Tac Toe.csproj", "{928CAA52-139F-4A14-977A-58F64913A0D3}"
EndProject
Global
	GlobalSection(SolutionConfigurationPlatforms) = preSolution
		Debug|Any CPU = Debug|Any CPU
		Release|Any CPU = Release|Any CPU
	EndGlobalSection
	GlobalSection(ProjectConfigurationPlatforms) = postSolution
		{928CAA52-139F-4A14-977A-58F64913A0D3}.Debug|Any CPU.ActiveCfg = Debug|Any CPU
		{928CAA52-139F-4A14-977A-58F64913A0D3}.Debug|Any CPU.Build.0 = Debug|Any CPU
		{928CAA52-139F-4A14-977A-58F64913A0D3}.Release|Any CPU.ActiveCfg = Release|Any CPU
		{928CAA52-139F-4A14-977A-58F64913A0D3}.Release|Any CPU.Build.0 = Release|Any CPU
	EndGlobalSection
	GlobalSection(SolutionProperties) = preSolution
		HideSolutionNode = FALSE
	EndGlobalSection
	GlobalSection(ExtensibilityGlobals) = postSolution
		SolutionGuid = {C9D26012-6694-4352-A121-A123307A489B}
	EndGlobalSection
EndGlobal
